
Microsoft Visual Studio Solution File, Format Version 12.00
# Visual Studio Version 16
VisualStudioVersion = 16.0.29209.62
MinimumVisualStudioVersion = 10.0.40219.1
Project("{FAE04EC0-301F-11D3-BF4B-00C04F79EFBC}") = "Tarea For", "Tarea For\Tarea For.csproj", "{61B971DF-C285-43AA-81F6-5278A285C77B}"
EndProject
Global
	GlobalSection(SolutionConfigurationPlatforms) = preSolution
		Debug|Any CPU = Debug|Any CPU
		Release|Any CPU = Release|Any CPU
	EndGlobalSection
	GlobalSection(ProjectConfigurationPlatforms) = postSolution
		{61B971DF-C285-43AA-81F6-5278A285C77B}.Debug|Any CPU.ActiveCfg = Debug|Any CPU
		{61B971DF-C285-43AA-81F6-5278A285C77B}.Debug|Any CPU.Build.0 = Debug|Any CPU
		{61B971DF-C285-43AA-81F6-5278A285C77B}.Release|Any CPU.ActiveCfg = Release|Any CPU
		{61B971DF-C285-43AA-81F6-5278A285C77B}.Release|Any CPU.Build.0 = Release|Any CPU
	EndGlobalSection
	GlobalSection(SolutionProperties) = preSolution
		HideSolutionNode = FALSE
	EndGlobalSection
	GlobalSection(ExtensibilityGlobals) = postSolution
		SolutionGuid = {59710850-59B3-42DA-8CBE-3923862C9928}
	EndGlobalSection
EndGlobal
